
Microsoft Visual Studio Solution File, Format Version 12.00
# Visual Studio Version 17
VisualStudioVersion = 17.10.34825.169
MinimumVisualStudioVersion = 10.0.40219.1
Project("{FAE04EC0-301F-11D3-BF4B-00C04F79EFBC}") = "Identity", "Identity\Identity.csproj", "{C290F79C-50AD-4F9C-9EA9-78346360C6E0}"
EndProject
Global
	GlobalSection(SolutionConfigurationPlatforms) = preSolution
		Debug|Any CPU = Debug|Any CPU
		Release|Any CPU = Release|Any CPU
	EndGlobalSection
	GlobalSection(ProjectConfigurationPlatforms) = postSolution
		{C290F79C-50AD-4F9C-9EA9-78346360C6E0}.Debug|Any CPU.ActiveCfg = Debug|Any CPU
		{C290F79C-50AD-4F9C-9EA9-78346360C6E0}.Debug|Any CPU.Build.0 = Debug|Any CPU
		{C290F79C-50AD-4F9C-9EA9-78346360C6E0}.Release|Any CPU.ActiveCfg = Release|Any CPU
		{C290F79C-50AD-4F9C-9EA9-78346360C6E0}.Release|Any CPU.Build.0 = Release|Any CPU
	EndGlobalSection
	GlobalSection(SolutionProperties) = preSolution
		HideSolutionNode = FALSE
	EndGlobalSection
	GlobalSection(ExtensibilityGlobals) = postSolution
		SolutionGuid = {FF4EAA4B-9B0E-4684-B58F-F0F516872B73}
	EndGlobalSection
EndGlobal
